// !$*UTF8*$!
{
	archiveVersion = 1;
	classes = {
	};
	objectVersion = 56;
	objects = {

/* Begin PBXBuildFile section */
		220B375C2DBED835006916A0 /* QuakeLoader.swift in Sources */ = {isa = PBXBuildFile; fileRef = 220B375B2DBED835006916A0 /* QuakeLoader.swift */; };
		220B375E2DCB520D006916A0 /* TODO.swift in Sources */ = {isa = PBXBuildFile; fileRef = 220B375D2DCB5206006916A0 /* TODO.swift */; };
		220B37612DD292B4006916A0 /* UnitsView.swift in Sources */ = {isa = PBXBuildFile; fileRef = 220B37602DD292B4006916A0 /* UnitsView.swift */; };
		220B37632DD29D44006916A0 /* LocationServicesView.swift in Sources */ = {isa = PBXBuildFile; fileRef = 220B37622DD29D44006916A0 /* LocationServicesView.swift */; };
		220B37652DD29D66006916A0 /* AppInfoView.swift in Sources */ = {isa = PBXBuildFile; fileRef = 220B37642DD29D66006916A0 /* AppInfoView.swift */; };
		220B37672DD29D7D006916A0 /* FAQView.swift in Sources */ = {isa = PBXBuildFile; fileRef = 220B37662DD29D7D006916A0 /* FAQView.swift */; };
		220B376B2DD2A03F006916A0 /* Localizable.xcstrings in Resources */ = {isa = PBXBuildFile; fileRef = 220B376A2DD2A03F006916A0 /* Localizable.xcstrings */; };
		220B37702DD60420006916A0 /* FeedbackView.swift in Sources */ = {isa = PBXBuildFile; fileRef = 220B376F2DD60420006916A0 /* FeedbackView.swift */; };
		220B37732DD60FCC006916A0 /* View.swift in Sources */ = {isa = PBXBuildFile; fileRef = 220B37722DD60FC7006916A0 /* View.swift */; };
		220B37752DD61116006916A0 /* FeedbackCard.swift in Sources */ = {isa = PBXBuildFile; fileRef = 220B37742DD61115006916A0 /* FeedbackCard.swift */; };
		220B37772DD62833006916A0 /* MessageType.swift in Sources */ = {isa = PBXBuildFile; fileRef = 220B37762DD6282D006916A0 /* MessageType.swift */; };
		220B37792DD62AE6006916A0 /* LengthUnit.swift in Sources */ = {isa = PBXBuildFile; fileRef = 220B37782DD62AE0006916A0 /* LengthUnit.swift */; };
		220B377B2DD6477D006916A0 /* ImagePicker.swift in Sources */ = {isa = PBXBuildFile; fileRef = 220B377A2DD6477B006916A0 /* ImagePicker.swift */; };
		220B377D2DD64E99006916A0 /* MailView.swift in Sources */ = {isa = PBXBuildFile; fileRef = 220B377C2DD64E96006916A0 /* MailView.swift */; };
		220B37802DD8A2D0006916A0 /* FAQItem.swift in Sources */ = {isa = PBXBuildFile; fileRef = 220B377F2DD8A2CA006916A0 /* FAQItem.swift */; };
		220B37822DDA33B8006916A0 /* LocationPermissionManager.swift in Sources */ = {isa = PBXBuildFile; fileRef = 220B37812DDA33AD006916A0 /* LocationPermissionManager.swift */; };
		220B37842DDF23C7006916A0 /* CustomLink.swift in Sources */ = {isa = PBXBuildFile; fileRef = 220B37832DDF23C7006916A0 /* CustomLink.swift */; };
		220B37862DDFD0B9006916A0 /* FiltersSheet.swift in Sources */ = {isa = PBXBuildFile; fileRef = 220B37852DDFD0B9006916A0 /* FiltersSheet.swift */; };
		220B37882DE3B972006916A0 /* CustomButton.swift in Sources */ = {isa = PBXBuildFile; fileRef = 220B37872DE3B972006916A0 /* CustomButton.swift */; };
		22405C3B2B72FC4E00EBAD6C /* QuakeApp.swift in Sources */ = {isa = PBXBuildFile; fileRef = 22405C3A2B72FC4E00EBAD6C /* QuakeApp.swift */; };
		22405C3D2B72FC4E00EBAD6C /* ContentView.swift in Sources */ = {isa = PBXBuildFile; fileRef = 22405C3C2B72FC4E00EBAD6C /* ContentView.swift */; };
		22405C3F2B72FC4F00EBAD6C /* Assets.xcassets in Resources */ = {isa = PBXBuildFile; fileRef = 22405C3E2B72FC4F00EBAD6C /* Assets.xcassets */; };
		22405C422B72FC4F00EBAD6C /* Preview Assets.xcassets in Resources */ = {isa = PBXBuildFile; fileRef = 22405C412B72FC4F00EBAD6C /* Preview Assets.xcassets */; };
		22405C492B73855F00EBAD6C /* Coordinator.swift in Sources */ = {isa = PBXBuildFile; fileRef = 22405C482B73855F00EBAD6C /* Coordinator.swift */; };
		22405C502B73877A00EBAD6C /* APIResponse.swift in Sources */ = {isa = PBXBuildFile; fileRef = 22405C4F2B73877A00EBAD6C /* APIResponse.swift */; };
		22405C522B73879600EBAD6C /* Feature.swift in Sources */ = {isa = PBXBuildFile; fileRef = 22405C512B73879600EBAD6C /* Feature.swift */; };
		22405C562B738DD700EBAD6C /* NetworkClient.swift in Sources */ = {isa = PBXBuildFile; fileRef = 22405C552B738DD700EBAD6C /* NetworkClient.swift */; };
		22405C582B738E8300EBAD6C /* NetworkClientError.swift in Sources */ = {isa = PBXBuildFile; fileRef = 22405C572B738E8300EBAD6C /* NetworkClientError.swift */; };
		22405C5A2B738EA200EBAD6C /* URLSessionNetworkClient.swift in Sources */ = {isa = PBXBuildFile; fileRef = 22405C592B738EA200EBAD6C /* URLSessionNetworkClient.swift */; };
		22405C5C2B738F8C00EBAD6C /* GetEarthquakesUseCase.swift in Sources */ = {isa = PBXBuildFile; fileRef = 22405C5B2B738F8C00EBAD6C /* GetEarthquakesUseCase.swift */; };
		22405C5E2B73911800EBAD6C /* GetTimeRangeUseCase.swift in Sources */ = {isa = PBXBuildFile; fileRef = 22405C5D2B73911800EBAD6C /* GetTimeRangeUseCase.swift */; };
		22405C612B7391B100EBAD6C /* Date.swift in Sources */ = {isa = PBXBuildFile; fileRef = 22405C602B7391B100EBAD6C /* Date.swift */; };
		22405C632B73921F00EBAD6C /* GetMagnitudeColorUseCase.swift in Sources */ = {isa = PBXBuildFile; fileRef = 22405C622B73921F00EBAD6C /* GetMagnitudeColorUseCase.swift */; };
		22405C652B73923C00EBAD6C /* UnitsUseCase.swift in Sources */ = {isa = PBXBuildFile; fileRef = 22405C642B73923C00EBAD6C /* UnitsUseCase.swift */; };
		22405C672B7562E100EBAD6C /* UserDefaults.swift in Sources */ = {isa = PBXBuildFile; fileRef = 22405C662B7562E100EBAD6C /* UserDefaults.swift */; };
		22405C6B2B75648900EBAD6C /* GetDateFormatter.swift in Sources */ = {isa = PBXBuildFile; fileRef = 22405C6A2B75648900EBAD6C /* GetDateFormatter.swift */; };
		22405C6D2B7564B300EBAD6C /* GetFormattedCoordsFormatter.swift in Sources */ = {isa = PBXBuildFile; fileRef = 22405C6C2B7564B300EBAD6C /* GetFormattedCoordsFormatter.swift */; };
		22405C6F2B7564D200EBAD6C /* GetSimplifiedTitleFormatter.swift in Sources */ = {isa = PBXBuildFile; fileRef = 22405C6E2B7564D200EBAD6C /* GetSimplifiedTitleFormatter.swift */; };
		22405C712B7564F800EBAD6C /* GetTsunamiValueFormatter.swift in Sources */ = {isa = PBXBuildFile; fileRef = 22405C702B7564F800EBAD6C /* GetTsunamiValueFormatter.swift */; };
		22405C742B75653B00EBAD6C /* FeatureToEarthquakeMapper.swift in Sources */ = {isa = PBXBuildFile; fileRef = 22405C732B75653B00EBAD6C /* FeatureToEarthquakeMapper.swift */; };
		22405C762B75658B00EBAD6C /* Double.swift in Sources */ = {isa = PBXBuildFile; fileRef = 22405C752B75658B00EBAD6C /* Double.swift */; };
		22405C782B75671000EBAD6C /* Earthquake.swift in Sources */ = {isa = PBXBuildFile; fileRef = 22405C772B75671000EBAD6C /* Earthquake.swift */; };
		22405C7C2B75685700EBAD6C /* EarthquakesRepository.swift in Sources */ = {isa = PBXBuildFile; fileRef = 22405C7B2B75685700EBAD6C /* EarthquakesRepository.swift */; };
		22405C7E2B756A0200EBAD6C /* EarthquakesRemoteService.swift in Sources */ = {isa = PBXBuildFile; fileRef = 22405C7D2B756A0200EBAD6C /* EarthquakesRemoteService.swift */; };
		22405C852B759BC100EBAD6C /* EarthquakesViewModel.swift in Sources */ = {isa = PBXBuildFile; fileRef = 22405C842B759BC100EBAD6C /* EarthquakesViewModel.swift */; };
		22405C872B7639D700EBAD6C /* EarthquakesView.swift in Sources */ = {isa = PBXBuildFile; fileRef = 22405C862B7639D700EBAD6C /* EarthquakesView.swift */; };
		22405C8A2B763F2E00EBAD6C /* ErrorLoadingListAlertDialog.swift in Sources */ = {isa = PBXBuildFile; fileRef = 22405C892B763F2E00EBAD6C /* ErrorLoadingListAlertDialog.swift */; };
		22405C8C2B7640B500EBAD6C /* EarthquakeItemView.swift in Sources */ = {isa = PBXBuildFile; fileRef = 22405C8B2B7640B500EBAD6C /* EarthquakeItemView.swift */; };
		22405C8E2B76481200EBAD6C /* EarthquakeDetailView.swift in Sources */ = {isa = PBXBuildFile; fileRef = 22405C8D2B76481200EBAD6C /* EarthquakeDetailView.swift */; };
		22405C912B76590900EBAD6C /* MainView.swift in Sources */ = {isa = PBXBuildFile; fileRef = 22405C902B76590900EBAD6C /* MainView.swift */; };
		22405C932B79337D00EBAD6C /* MapView.swift in Sources */ = {isa = PBXBuildFile; fileRef = 22405C922B79337D00EBAD6C /* MapView.swift */; };
		22405C952B7933C300EBAD6C /* SettingsView.swift in Sources */ = {isa = PBXBuildFile; fileRef = 22405C942B7933C300EBAD6C /* SettingsView.swift */; };
		22405C972B7AB67900EBAD6C /* MapViewModel.swift in Sources */ = {isa = PBXBuildFile; fileRef = 22405C962B7AB67900EBAD6C /* MapViewModel.swift */; };
		22F69E7B2D9DEC3300681C36 /* Constants.swift in Sources */ = {isa = PBXBuildFile; fileRef = 22F69E7A2D9DEC2D00681C36 /* Constants.swift */; };
/* End PBXBuildFile section */

/* Begin PBXFileReference section */
		220B375B2DBED835006916A0 /* QuakeLoader.swift */ = {isa = PBXFileReference; lastKnownFileType = sourcecode.swift; path = QuakeLoader.swift; sourceTree = "<group>"; };
		220B375D2DCB5206006916A0 /* TODO.swift */ = {isa = PBXFileReference; lastKnownFileType = sourcecode.swift; path = TODO.swift; sourceTree = "<group>"; };
		220B37602DD292B4006916A0 /* UnitsView.swift */ = {isa = PBXFileReference; lastKnownFileType = sourcecode.swift; path = UnitsView.swift; sourceTree = "<group>"; };
		220B37622DD29D44006916A0 /* LocationServicesView.swift */ = {isa = PBXFileReference; lastKnownFileType = sourcecode.swift; path = LocationServicesView.swift; sourceTree = "<group>"; };
		220B37642DD29D66006916A0 /* AppInfoView.swift */ = {isa = PBXFileReference; lastKnownFileType = sourcecode.swift; path = AppInfoView.swift; sourceTree = "<group>"; };
		220B37662DD29D7D006916A0 /* FAQView.swift */ = {isa = PBXFileReference; lastKnownFileType = sourcecode.swift; path = FAQView.swift; sourceTree = "<group>"; };
		220B376A2DD2A03F006916A0 /* Localizable.xcstrings */ = {isa = PBXFileReference; lastKnownFileType = text.json.xcstrings; path = Localizable.xcstrings; sourceTree = "<group>"; };
		220B376F2DD60420006916A0 /* FeedbackView.swift */ = {isa = PBXFileReference; lastKnownFileType = sourcecode.swift; path = FeedbackView.swift; sourceTree = "<group>"; };
		220B37722DD60FC7006916A0 /* View.swift */ = {isa = PBXFileReference; lastKnownFileType = sourcecode.swift; path = View.swift; sourceTree = "<group>"; };
		220B37742DD61115006916A0 /* FeedbackCard.swift */ = {isa = PBXFileReference; lastKnownFileType = sourcecode.swift; path = FeedbackCard.swift; sourceTree = "<group>"; };
		220B37762DD6282D006916A0 /* MessageType.swift */ = {isa = PBXFileReference; lastKnownFileType = sourcecode.swift; path = MessageType.swift; sourceTree = "<group>"; };
		220B37782DD62AE0006916A0 /* LengthUnit.swift */ = {isa = PBXFileReference; lastKnownFileType = sourcecode.swift; path = LengthUnit.swift; sourceTree = "<group>"; };
		220B377A2DD6477B006916A0 /* ImagePicker.swift */ = {isa = PBXFileReference; lastKnownFileType = sourcecode.swift; path = ImagePicker.swift; sourceTree = "<group>"; };
		220B377C2DD64E96006916A0 /* MailView.swift */ = {isa = PBXFileReference; lastKnownFileType = sourcecode.swift; path = MailView.swift; sourceTree = "<group>"; };
		220B377F2DD8A2CA006916A0 /* FAQItem.swift */ = {isa = PBXFileReference; lastKnownFileType = sourcecode.swift; path = FAQItem.swift; sourceTree = "<group>"; };
		220B37812DDA33AD006916A0 /* LocationPermissionManager.swift */ = {isa = PBXFileReference; lastKnownFileType = sourcecode.swift; path = LocationPermissionManager.swift; sourceTree = "<group>"; };
		220B37832DDF23C7006916A0 /* CustomLink.swift */ = {isa = PBXFileReference; lastKnownFileType = sourcecode.swift; path = CustomLink.swift; sourceTree = "<group>"; };
		220B37852DDFD0B9006916A0 /* FiltersSheet.swift */ = {isa = PBXFileReference; lastKnownFileType = sourcecode.swift; path = FiltersSheet.swift; sourceTree = "<group>"; };
		220B37872DE3B972006916A0 /* CustomButton.swift */ = {isa = PBXFileReference; lastKnownFileType = sourcecode.swift; path = CustomButton.swift; sourceTree = "<group>"; };
		22405C372B72FC4E00EBAD6C /* Quake.app */ = {isa = PBXFileReference; explicitFileType = wrapper.application; includeInIndex = 0; path = Quake.app; sourceTree = BUILT_PRODUCTS_DIR; };
		22405C3A2B72FC4E00EBAD6C /* QuakeApp.swift */ = {isa = PBXFileReference; lastKnownFileType = sourcecode.swift; path = QuakeApp.swift; sourceTree = "<group>"; };
		22405C3C2B72FC4E00EBAD6C /* ContentView.swift */ = {isa = PBXFileReference; lastKnownFileType = sourcecode.swift; path = ContentView.swift; sourceTree = "<group>"; };
		22405C3E2B72FC4F00EBAD6C /* Assets.xcassets */ = {isa = PBXFileReference; lastKnownFileType = folder.assetcatalog; path = Assets.xcassets; sourceTree = "<group>"; };
		22405C412B72FC4F00EBAD6C /* Preview Assets.xcassets */ = {isa = PBXFileReference; lastKnownFileType = folder.assetcatalog; path = "Preview Assets.xcassets"; sourceTree = "<group>"; };
		22405C482B73855F00EBAD6C /* Coordinator.swift */ = {isa = PBXFileReference; lastKnownFileType = sourcecode.swift; path = Coordinator.swift; sourceTree = "<group>"; };
		22405C4F2B73877A00EBAD6C /* APIResponse.swift */ = {isa = PBXFileReference; lastKnownFileType = sourcecode.swift; path = APIResponse.swift; sourceTree = "<group>"; };
		22405C512B73879600EBAD6C /* Feature.swift */ = {isa = PBXFileReference; lastKnownFileType = sourcecode.swift; path = Feature.swift; sourceTree = "<group>"; };
		22405C552B738DD700EBAD6C /* NetworkClient.swift */ = {isa = PBXFileReference; lastKnownFileType = sourcecode.swift; path = NetworkClient.swift; sourceTree = "<group>"; };
		22405C572B738E8300EBAD6C /* NetworkClientError.swift */ = {isa = PBXFileReference; lastKnownFileType = sourcecode.swift; path = NetworkClientError.swift; sourceTree = "<group>"; };
		22405C592B738EA200EBAD6C /* URLSessionNetworkClient.swift */ = {isa = PBXFileReference; lastKnownFileType = sourcecode.swift; path = URLSessionNetworkClient.swift; sourceTree = "<group>"; };
		22405C5B2B738F8C00EBAD6C /* GetEarthquakesUseCase.swift */ = {isa = PBXFileReference; lastKnownFileType = sourcecode.swift; path = GetEarthquakesUseCase.swift; sourceTree = "<group>"; };
		22405C5D2B73911800EBAD6C /* GetTimeRangeUseCase.swift */ = {isa = PBXFileReference; lastKnownFileType = sourcecode.swift; path = GetTimeRangeUseCase.swift; sourceTree = "<group>"; };
		22405C602B7391B100EBAD6C /* Date.swift */ = {isa = PBXFileReference; lastKnownFileType = sourcecode.swift; path = Date.swift; sourceTree = "<group>"; };
		22405C622B73921F00EBAD6C /* GetMagnitudeColorUseCase.swift */ = {isa = PBXFileReference; lastKnownFileType = sourcecode.swift; path = GetMagnitudeColorUseCase.swift; sourceTree = "<group>"; };
		22405C642B73923C00EBAD6C /* UnitsUseCase.swift */ = {isa = PBXFileReference; lastKnownFileType = sourcecode.swift; path = UnitsUseCase.swift; sourceTree = "<group>"; };
		22405C662B7562E100EBAD6C /* UserDefaults.swift */ = {isa = PBXFileReference; lastKnownFileType = sourcecode.swift; path = UserDefaults.swift; sourceTree = "<group>"; };
		22405C6A2B75648900EBAD6C /* GetDateFormatter.swift */ = {isa = PBXFileReference; lastKnownFileType = sourcecode.swift; path = GetDateFormatter.swift; sourceTree = "<group>"; };
		22405C6C2B7564B300EBAD6C /* GetFormattedCoordsFormatter.swift */ = {isa = PBXFileReference; lastKnownFileType = sourcecode.swift; path = GetFormattedCoordsFormatter.swift; sourceTree = "<group>"; };
		22405C6E2B7564D200EBAD6C /* GetSimplifiedTitleFormatter.swift */ = {isa = PBXFileReference; lastKnownFileType = sourcecode.swift; path = GetSimplifiedTitleFormatter.swift; sourceTree = "<group>"; };
		22405C702B7564F800EBAD6C /* GetTsunamiValueFormatter.swift */ = {isa = PBXFileReference; lastKnownFileType = sourcecode.swift; path = GetTsunamiValueFormatter.swift; sourceTree = "<group>"; };
		22405C732B75653B00EBAD6C /* FeatureToEarthquakeMapper.swift */ = {isa = PBXFileReference; lastKnownFileType = sourcecode.swift; path = FeatureToEarthquakeMapper.swift; sourceTree = "<group>"; };
		22405C752B75658B00EBAD6C /* Double.swift */ = {isa = PBXFileReference; lastKnownFileType = sourcecode.swift; path = Double.swift; sourceTree = "<group>"; };
		22405C772B75671000EBAD6C /* Earthquake.swift */ = {isa = PBXFileReference; lastKnownFileType = sourcecode.swift; path = Earthquake.swift; sourceTree = "<group>"; };
		22405C7B2B75685700EBAD6C /* EarthquakesRepository.swift */ = {isa = PBXFileReference; lastKnownFileType = sourcecode.swift; path = EarthquakesRepository.swift; sourceTree = "<group>"; };
		22405C7D2B756A0200EBAD6C /* EarthquakesRemoteService.swift */ = {isa = PBXFileReference; lastKnownFileType = sourcecode.swift; path = EarthquakesRemoteService.swift; sourceTree = "<group>"; };
		22405C842B759BC100EBAD6C /* EarthquakesViewModel.swift */ = {isa = PBXFileReference; lastKnownFileType = sourcecode.swift; path = EarthquakesViewModel.swift; sourceTree = "<group>"; };
		22405C862B7639D700EBAD6C /* EarthquakesView.swift */ = {isa = PBXFileReference; lastKnownFileType = sourcecode.swift; path = EarthquakesView.swift; sourceTree = "<group>"; };
		22405C892B763F2E00EBAD6C /* ErrorLoadingListAlertDialog.swift */ = {isa = PBXFileReference; lastKnownFileType = sourcecode.swift; path = ErrorLoadingListAlertDialog.swift; sourceTree = "<group>"; };
		22405C8B2B7640B500EBAD6C /* EarthquakeItemView.swift */ = {isa = PBXFileReference; lastKnownFileType = sourcecode.swift; path = EarthquakeItemView.swift; sourceTree = "<group>"; };
		22405C8D2B76481200EBAD6C /* EarthquakeDetailView.swift */ = {isa = PBXFileReference; lastKnownFileType = sourcecode.swift; path = EarthquakeDetailView.swift; sourceTree = "<group>"; };
		22405C902B76590900EBAD6C /* MainView.swift */ = {isa = PBXFileReference; lastKnownFileType = sourcecode.swift; path = MainView.swift; sourceTree = "<group>"; };
		22405C922B79337D00EBAD6C /* MapView.swift */ = {isa = PBXFileReference; lastKnownFileType = sourcecode.swift; path = MapView.swift; sourceTree = "<group>"; };
		22405C942B7933C300EBAD6C /* SettingsView.swift */ = {isa = PBXFileReference; lastKnownFileType = sourcecode.swift; path = SettingsView.swift; sourceTree = "<group>"; };
		22405C962B7AB67900EBAD6C /* MapViewModel.swift */ = {isa = PBXFileReference; lastKnownFileType = sourcecode.swift; path = MapViewModel.swift; sourceTree = "<group>"; };
		22F69E7A2D9DEC2D00681C36 /* Constants.swift */ = {isa = PBXFileReference; lastKnownFileType = sourcecode.swift; path = Constants.swift; sourceTree = "<group>"; };
/* End PBXFileReference section */

/* Begin PBXFrameworksBuildPhase section */
		22405C342B72FC4E00EBAD6C /* Frameworks */ = {
			isa = PBXFrameworksBuildPhase;
			buildActionMask = 2147483647;
			files = (
			);
			runOnlyForDeploymentPostprocessing = 0;
		};
/* End PBXFrameworksBuildPhase section */

/* Begin PBXGroup section */
		220B375F2DD29275006916A0 /* Elements */ = {
			isa = PBXGroup;
			children = (
				220B37602DD292B4006916A0 /* UnitsView.swift */,
				220B37622DD29D44006916A0 /* LocationServicesView.swift */,
				220B37642DD29D66006916A0 /* AppInfoView.swift */,
				220B37662DD29D7D006916A0 /* FAQView.swift */,
				220B376F2DD60420006916A0 /* FeedbackView.swift */,
			);
			path = Elements;
			sourceTree = "<group>";
		};
		22405C2E2B72FC4E00EBAD6C = {
			isa = PBXGroup;
			children = (
				22405C392B72FC4E00EBAD6C /* Quake */,
				22405C382B72FC4E00EBAD6C /* Products */,
			);
			sourceTree = "<group>";
		};
		22405C382B72FC4E00EBAD6C /* Products */ = {
			isa = PBXGroup;
			children = (
				22405C372B72FC4E00EBAD6C /* Quake.app */,
			);
			name = Products;
			sourceTree = "<group>";
		};
		22405C392B72FC4E00EBAD6C /* Quake */ = {
			isa = PBXGroup;
			children = (
				220B375D2DCB5206006916A0 /* TODO.swift */,
				22405C3A2B72FC4E00EBAD6C /* QuakeApp.swift */,
				22405C3C2B72FC4E00EBAD6C /* ContentView.swift */,
				22405C482B73855F00EBAD6C /* Coordinator.swift */,
				22F69E772D9DEA2100681C36 /* Assets */,
				22405C4A2B73858300EBAD6C /* Entities */,
				22405C4B2B73858F00EBAD6C /* Features */,
				22405C4C2B73859400EBAD6C /* UseCases */,
				22405C4D2B7385A100EBAD6C /* Data */,
				22405C4E2B7385A500EBAD6C /* NetworkClient */,
				22405C682B75643700EBAD6C /* Utils */,
				22405C882B763EE900EBAD6C /* Widgets */,
				22405C3E2B72FC4F00EBAD6C /* Assets.xcassets */,
				22405C402B72FC4F00EBAD6C /* Preview Content */,
				220B376A2DD2A03F006916A0 /* Localizable.xcstrings */,
			);
			path = Quake;
			sourceTree = "<group>";
		};
		22405C402B72FC4F00EBAD6C /* Preview Content */ = {
			isa = PBXGroup;
			children = (
				22405C412B72FC4F00EBAD6C /* Preview Assets.xcassets */,
			);
			path = "Preview Content";
			sourceTree = "<group>";
		};
		22405C4A2B73858300EBAD6C /* Entities */ = {
			isa = PBXGroup;
			children = (
				220B377F2DD8A2CA006916A0 /* FAQItem.swift */,
				220B37782DD62AE0006916A0 /* LengthUnit.swift */,
				220B37762DD6282D006916A0 /* MessageType.swift */,
				22405C4F2B73877A00EBAD6C /* APIResponse.swift */,
				22405C512B73879600EBAD6C /* Feature.swift */,
				22405C772B75671000EBAD6C /* Earthquake.swift */,
			);
			path = Entities;
			sourceTree = "<group>";
		};
		22405C4B2B73858F00EBAD6C /* Features */ = {
			isa = PBXGroup;
			children = (
				22405C8F2B7658FF00EBAD6C /* Main */,
				22405C7F2B759B5000EBAD6C /* Earthquakes */,
				22405C802B759B7800EBAD6C /* Map */,
				22405C812B759B7E00EBAD6C /* Settings */,
			);
			path = Features;
			sourceTree = "<group>";
		};
		22405C4C2B73859400EBAD6C /* UseCases */ = {
			isa = PBXGroup;
			children = (
				22405C5B2B738F8C00EBAD6C /* GetEarthquakesUseCase.swift */,
				22405C5D2B73911800EBAD6C /* GetTimeRangeUseCase.swift */,
				22405C622B73921F00EBAD6C /* GetMagnitudeColorUseCase.swift */,
				22405C642B73923C00EBAD6C /* UnitsUseCase.swift */,
			);
			path = UseCases;
			sourceTree = "<group>";
		};
		22405C4D2B7385A100EBAD6C /* Data */ = {
			isa = PBXGroup;
			children = (
				22405C792B75681300EBAD6C /* Repositories */,
				22405C7A2B75681D00EBAD6C /* Services */,
			);
			path = Data;
			sourceTree = "<group>";
		};
		22405C4E2B7385A500EBAD6C /* NetworkClient */ = {
			isa = PBXGroup;
			children = (
				22405C552B738DD700EBAD6C /* NetworkClient.swift */,
				22405C572B738E8300EBAD6C /* NetworkClientError.swift */,
				22405C592B738EA200EBAD6C /* URLSessionNetworkClient.swift */,
			);
			path = NetworkClient;
			sourceTree = "<group>";
		};
		22405C5F2B73917F00EBAD6C /* Extensions */ = {
			isa = PBXGroup;
			children = (
				220B37722DD60FC7006916A0 /* View.swift */,
				22405C602B7391B100EBAD6C /* Date.swift */,
				22405C662B7562E100EBAD6C /* UserDefaults.swift */,
				22405C752B75658B00EBAD6C /* Double.swift */,
			);
			path = Extensions;
			sourceTree = "<group>";
		};
		22405C682B75643700EBAD6C /* Utils */ = {
			isa = PBXGroup;
			children = (
				220B37812DDA33AD006916A0 /* LocationPermissionManager.swift */,
				22F69E792D9DEC2300681C36 /* Constants */,
				22405C722B75652700EBAD6C /* Mappers */,
				22405C692B75644700EBAD6C /* Formatters */,
				22405C5F2B73917F00EBAD6C /* Extensions */,
			);
			path = Utils;
			sourceTree = "<group>";
		};
		22405C692B75644700EBAD6C /* Formatters */ = {
			isa = PBXGroup;
			children = (
				22405C6A2B75648900EBAD6C /* GetDateFormatter.swift */,
				22405C6C2B7564B300EBAD6C /* GetFormattedCoordsFormatter.swift */,
				22405C6E2B7564D200EBAD6C /* GetSimplifiedTitleFormatter.swift */,
				22405C702B7564F800EBAD6C /* GetTsunamiValueFormatter.swift */,
			);
			path = Formatters;
			sourceTree = "<group>";
		};
		22405C722B75652700EBAD6C /* Mappers */ = {
			isa = PBXGroup;
			children = (
				22405C732B75653B00EBAD6C /* FeatureToEarthquakeMapper.swift */,
			);
			path = Mappers;
			sourceTree = "<group>";
		};
		22405C792B75681300EBAD6C /* Repositories */ = {
			isa = PBXGroup;
			children = (
				22405C7B2B75685700EBAD6C /* EarthquakesRepository.swift */,
			);
			path = Repositories;
			sourceTree = "<group>";
		};
		22405C7A2B75681D00EBAD6C /* Services */ = {
			isa = PBXGroup;
			children = (
				22405C7D2B756A0200EBAD6C /* EarthquakesRemoteService.swift */,
			);
			path = Services;
			sourceTree = "<group>";
		};
		22405C7F2B759B5000EBAD6C /* Earthquakes */ = {
			isa = PBXGroup;
			children = (
				22405C822B759B9A00EBAD6C /* EarthquakesView */,
				22405C832B759BA100EBAD6C /* EarthquakesDetailView */,
			);
			path = Earthquakes;
			sourceTree = "<group>";
		};
		22405C802B759B7800EBAD6C /* Map */ = {
			isa = PBXGroup;
			children = (
				22405C922B79337D00EBAD6C /* MapView.swift */,
				22405C962B7AB67900EBAD6C /* MapViewModel.swift */,
			);
			path = Map;
			sourceTree = "<group>";
		};
		22405C812B759B7E00EBAD6C /* Settings */ = {
			isa = PBXGroup;
			children = (
				220B375F2DD29275006916A0 /* Elements */,
				22405C942B7933C300EBAD6C /* SettingsView.swift */,
			);
			path = Settings;
			sourceTree = "<group>";
		};
		22405C822B759B9A00EBAD6C /* EarthquakesView */ = {
			isa = PBXGroup;
			children = (
				22405C842B759BC100EBAD6C /* EarthquakesViewModel.swift */,
				22405C862B7639D700EBAD6C /* EarthquakesView.swift */,
				22405C8B2B7640B500EBAD6C /* EarthquakeItemView.swift */,
			);
			path = EarthquakesView;
			sourceTree = "<group>";
		};
		22405C832B759BA100EBAD6C /* EarthquakesDetailView */ = {
			isa = PBXGroup;
			children = (
				22405C8D2B76481200EBAD6C /* EarthquakeDetailView.swift */,
			);
			path = EarthquakesDetailView;
			sourceTree = "<group>";
		};
		22405C882B763EE900EBAD6C /* Widgets */ = {
			isa = PBXGroup;
			children = (
				220B377C2DD64E96006916A0 /* MailView.swift */,
				220B377A2DD6477B006916A0 /* ImagePicker.swift */,
				22405C892B763F2E00EBAD6C /* ErrorLoadingListAlertDialog.swift */,
				220B375B2DBED835006916A0 /* QuakeLoader.swift */,
				220B37742DD61115006916A0 /* FeedbackCard.swift */,
				220B37832DDF23C7006916A0 /* CustomLink.swift */,
				220B37852DDFD0B9006916A0 /* FiltersSheet.swift */,
				220B37872DE3B972006916A0 /* CustomButton.swift */,
			);
			path = Widgets;
			sourceTree = "<group>";
		};
		22405C8F2B7658FF00EBAD6C /* Main */ = {
			isa = PBXGroup;
			children = (
				22405C902B76590900EBAD6C /* MainView.swift */,
			);
			path = Main;
			sourceTree = "<group>";
		};
		22F69E772D9DEA2100681C36 /* Assets */ = {
			isa = PBXGroup;
			children = (
			);
			path = Assets;
			sourceTree = "<group>";
		};
		22F69E792D9DEC2300681C36 /* Constants */ = {
			isa = PBXGroup;
			children = (
				22F69E7A2D9DEC2D00681C36 /* Constants.swift */,
			);
			path = Constants;
			sourceTree = "<group>";
		};
/* End PBXGroup section */

/* Begin PBXNativeTarget section */
		22405C362B72FC4E00EBAD6C /* Quake */ = {
			isa = PBXNativeTarget;
			buildConfigurationList = 22405C452B72FC4F00EBAD6C /* Build configuration list for PBXNativeTarget "Quake" */;
			buildPhases = (
				22405C332B72FC4E00EBAD6C /* Sources */,
				22405C342B72FC4E00EBAD6C /* Frameworks */,
				22405C352B72FC4E00EBAD6C /* Resources */,
			);
			buildRules = (
			);
			dependencies = (
			);
			name = Quake;
			productName = Quake;
			productReference = 22405C372B72FC4E00EBAD6C /* Quake.app */;
			productType = "com.apple.product-type.application";
		};
/* End PBXNativeTarget section */

/* Begin PBXProject section */
		22405C2F2B72FC4E00EBAD6C /* Project object */ = {
			isa = PBXProject;
			attributes = {
				BuildIndependentTargetsInParallel = 1;
				LastSwiftUpdateCheck = 1520;
				LastUpgradeCheck = 1520;
				TargetAttributes = {
					22405C362B72FC4E00EBAD6C = {
						CreatedOnToolsVersion = 15.2;
					};
				};
			};
			buildConfigurationList = 22405C322B72FC4E00EBAD6C /* Build configuration list for PBXProject "Quake" */;
			compatibilityVersion = "Xcode 14.0";
			developmentRegion = en;
			hasScannedForEncodings = 0;
			knownRegions = (
				en,
				Base,
				es,
			);
			mainGroup = 22405C2E2B72FC4E00EBAD6C;
			packageReferences = (
			);
			productRefGroup = 22405C382B72FC4E00EBAD6C /* Products */;
			projectDirPath = "";
			projectRoot = "";
			targets = (
				22405C362B72FC4E00EBAD6C /* Quake */,
			);
		};
/* End PBXProject section */

/* Begin PBXResourcesBuildPhase section */
		22405C352B72FC4E00EBAD6C /* Resources */ = {
			isa = PBXResourcesBuildPhase;
			buildActionMask = 2147483647;
			files = (
				22405C422B72FC4F00EBAD6C /* Preview Assets.xcassets in Resources */,
				22405C3F2B72FC4F00EBAD6C /* Assets.xcassets in Resources */,
				220B376B2DD2A03F006916A0 /* Localizable.xcstrings in Resources */,
			);
			runOnlyForDeploymentPostprocessing = 0;
		};
/* End PBXResourcesBuildPhase section */

/* Begin PBXSourcesBuildPhase section */
		22405C332B72FC4E00EBAD6C /* Sources */ = {
			isa = PBXSourcesBuildPhase;
			buildActionMask = 2147483647;
			files = (
				22405C6D2B7564B300EBAD6C /* GetFormattedCoordsFormatter.swift in Sources */,
				22405C5A2B738EA200EBAD6C /* URLSessionNetworkClient.swift in Sources */,
				22405C6F2B7564D200EBAD6C /* GetSimplifiedTitleFormatter.swift in Sources */,
				22405C742B75653B00EBAD6C /* FeatureToEarthquakeMapper.swift in Sources */,
				22405C3D2B72FC4E00EBAD6C /* ContentView.swift in Sources */,
				220B37792DD62AE6006916A0 /* LengthUnit.swift in Sources */,
				22405C502B73877A00EBAD6C /* APIResponse.swift in Sources */,
				22405C6B2B75648900EBAD6C /* GetDateFormatter.swift in Sources */,
				22405C932B79337D00EBAD6C /* MapView.swift in Sources */,
				220B37752DD61116006916A0 /* FeedbackCard.swift in Sources */,
				22405C632B73921F00EBAD6C /* GetMagnitudeColorUseCase.swift in Sources */,
				22405C582B738E8300EBAD6C /* NetworkClientError.swift in Sources */,
				220B37802DD8A2D0006916A0 /* FAQItem.swift in Sources */,
				220B377B2DD6477D006916A0 /* ImagePicker.swift in Sources */,
				220B37672DD29D7D006916A0 /* FAQView.swift in Sources */,
				220B375E2DCB520D006916A0 /* TODO.swift in Sources */,
				22405C522B73879600EBAD6C /* Feature.swift in Sources */,
				22405C5C2B738F8C00EBAD6C /* GetEarthquakesUseCase.swift in Sources */,
				220B377D2DD64E99006916A0 /* MailView.swift in Sources */,
				22405C3B2B72FC4E00EBAD6C /* QuakeApp.swift in Sources */,
				220B37702DD60420006916A0 /* FeedbackView.swift in Sources */,
				22405C652B73923C00EBAD6C /* UnitsUseCase.swift in Sources */,
				22405C872B7639D700EBAD6C /* EarthquakesView.swift in Sources */,
				220B37862DDFD0B9006916A0 /* FiltersSheet.swift in Sources */,
				22405C5E2B73911800EBAD6C /* GetTimeRangeUseCase.swift in Sources */,
				220B375C2DBED835006916A0 /* QuakeLoader.swift in Sources */,
				22405C7C2B75685700EBAD6C /* EarthquakesRepository.swift in Sources */,
				22405C8A2B763F2E00EBAD6C /* ErrorLoadingListAlertDialog.swift in Sources */,
				22405C852B759BC100EBAD6C /* EarthquakesViewModel.swift in Sources */,
				220B37772DD62833006916A0 /* MessageType.swift in Sources */,
				22405C8E2B76481200EBAD6C /* EarthquakeDetailView.swift in Sources */,
				22405C612B7391B100EBAD6C /* Date.swift in Sources */,
				220B37732DD60FCC006916A0 /* View.swift in Sources */,
				22405C492B73855F00EBAD6C /* Coordinator.swift in Sources */,
				22405C672B7562E100EBAD6C /* UserDefaults.swift in Sources */,
				220B37612DD292B4006916A0 /* UnitsView.swift in Sources */,
				22F69E7B2D9DEC3300681C36 /* Constants.swift in Sources */,
				22405C972B7AB67900EBAD6C /* MapViewModel.swift in Sources */,
				22405C562B738DD700EBAD6C /* NetworkClient.swift in Sources */,
				22405C762B75658B00EBAD6C /* Double.swift in Sources */,
				220B37822DDA33B8006916A0 /* LocationPermissionManager.swift in Sources */,
				22405C712B7564F800EBAD6C /* GetTsunamiValueFormatter.swift in Sources */,
				22405C912B76590900EBAD6C /* MainView.swift in Sources */,
				220B37652DD29D66006916A0 /* AppInfoView.swift in Sources */,
				22405C7E2B756A0200EBAD6C /* EarthquakesRemoteService.swift in Sources */,
				22405C782B75671000EBAD6C /* Earthquake.swift in Sources */,
				220B37842DDF23C7006916A0 /* CustomLink.swift in Sources */,
				220B37882DE3B972006916A0 /* CustomButton.swift in Sources */,
				22405C952B7933C300EBAD6C /* SettingsView.swift in Sources */,
				22405C8C2B7640B500EBAD6C /* EarthquakeItemView.swift in Sources */,
				220B37632DD29D44006916A0 /* LocationServicesView.swift in Sources */,
			);
			runOnlyForDeploymentPostprocessing = 0;
		};
/* End PBXSourcesBuildPhase section */

/* Begin XCBuildConfiguration section */
		22405C432B72FC4F00EBAD6C /* Debug */ = {
			isa = XCBuildConfiguration;
			buildSettings = {
				ALWAYS_SEARCH_USER_PATHS = NO;
				ASSETCATALOG_COMPILER_GENERATE_SWIFT_ASSET_SYMBOL_EXTENSIONS = YES;
				CLANG_ANALYZER_NONNULL = YES;
				CLANG_ANALYZER_NUMBER_OBJECT_CONVERSION = YES_AGGRESSIVE;
				CLANG_CXX_LANGUAGE_STANDARD = "gnu++20";
				CLANG_ENABLE_MODULES = YES;
				CLANG_ENABLE_OBJC_ARC = YES;
				CLANG_ENABLE_OBJC_WEAK = YES;
				CLANG_WARN_BLOCK_CAPTURE_AUTORELEASING = YES;
				CLANG_WARN_BOOL_CONVERSION = YES;
				CLANG_WARN_COMMA = YES;
				CLANG_WARN_CONSTANT_CONVERSION = YES;
				CLANG_WARN_DEPRECATED_OBJC_IMPLEMENTATIONS = YES;
				CLANG_WARN_DIRECT_OBJC_ISA_USAGE = YES_ERROR;
				CLANG_WARN_DOCUMENTATION_COMMENTS = YES;
				CLANG_WARN_EMPTY_BODY = YES;
				CLANG_WARN_ENUM_CONVERSION = YES;
				CLANG_WARN_INFINITE_RECURSION = YES;
				CLANG_WARN_INT_CONVERSION = YES;
				CLANG_WARN_NON_LITERAL_NULL_CONVERSION = YES;
				CLANG_WARN_OBJC_IMPLICIT_RETAIN_SELF = YES;
				CLANG_WARN_OBJC_LITERAL_CONVERSION = YES;
				CLANG_WARN_OBJC_ROOT_CLASS = YES_ERROR;
				CLANG_WARN_QUOTED_INCLUDE_IN_FRAMEWORK_HEADER = YES;
				CLANG_WARN_RANGE_LOOP_ANALYSIS = YES;
				CLANG_WARN_STRICT_PROTOTYPES = YES;
				CLANG_WARN_SUSPICIOUS_MOVE = YES;
				CLANG_WARN_UNGUARDED_AVAILABILITY = YES_AGGRESSIVE;
				CLANG_WARN_UNREACHABLE_CODE = YES;
				CLANG_WARN__DUPLICATE_METHOD_MATCH = YES;
				COPY_PHASE_STRIP = NO;
				DEBUG_INFORMATION_FORMAT = dwarf;
				ENABLE_STRICT_OBJC_MSGSEND = YES;
				ENABLE_TESTABILITY = YES;
				ENABLE_USER_SCRIPT_SANDBOXING = YES;
				GCC_C_LANGUAGE_STANDARD = gnu17;
				GCC_DYNAMIC_NO_PIC = NO;
				GCC_NO_COMMON_BLOCKS = YES;
				GCC_OPTIMIZATION_LEVEL = 0;
				GCC_PREPROCESSOR_DEFINITIONS = (
					"DEBUG=1",
					"$(inherited)",
				);
				GCC_WARN_64_TO_32_BIT_CONVERSION = YES;
				GCC_WARN_ABOUT_RETURN_TYPE = YES_ERROR;
				GCC_WARN_UNDECLARED_SELECTOR = YES;
				GCC_WARN_UNINITIALIZED_AUTOS = YES_AGGRESSIVE;
				GCC_WARN_UNUSED_FUNCTION = YES;
				GCC_WARN_UNUSED_VARIABLE = YES;
				IPHONEOS_DEPLOYMENT_TARGET = 17.2;
				LOCALIZATION_PREFERS_STRING_CATALOGS = YES;
				MTL_ENABLE_DEBUG_INFO = INCLUDE_SOURCE;
				MTL_FAST_MATH = YES;
				ONLY_ACTIVE_ARCH = YES;
				SDKROOT = iphoneos;
				SWIFT_ACTIVE_COMPILATION_CONDITIONS = "DEBUG $(inherited)";
				SWIFT_EMIT_LOC_STRINGS = YES;
				SWIFT_OPTIMIZATION_LEVEL = "-Onone";
			};
			name = Debug;
		};
		22405C442B72FC4F00EBAD6C /* Release */ = {
			isa = XCBuildConfiguration;
			buildSettings = {
				ALWAYS_SEARCH_USER_PATHS = NO;
				ASSETCATALOG_COMPILER_GENERATE_SWIFT_ASSET_SYMBOL_EXTENSIONS = YES;
				CLANG_ANALYZER_NONNULL = YES;
				CLANG_ANALYZER_NUMBER_OBJECT_CONVERSION = YES_AGGRESSIVE;
				CLANG_CXX_LANGUAGE_STANDARD = "gnu++20";
				CLANG_ENABLE_MODULES = YES;
				CLANG_ENABLE_OBJC_ARC = YES;
				CLANG_ENABLE_OBJC_WEAK = YES;
				CLANG_WARN_BLOCK_CAPTURE_AUTORELEASING = YES;
				CLANG_WARN_BOOL_CONVERSION = YES;
				CLANG_WARN_COMMA = YES;
				CLANG_WARN_CONSTANT_CONVERSION = YES;
				CLANG_WARN_DEPRECATED_OBJC_IMPLEMENTATIONS = YES;
				CLANG_WARN_DIRECT_OBJC_ISA_USAGE = YES_ERROR;
				CLANG_WARN_DOCUMENTATION_COMMENTS = YES;
				CLANG_WARN_EMPTY_BODY = YES;
				CLANG_WARN_ENUM_CONVERSION = YES;
				CLANG_WARN_INFINITE_RECURSION = YES;
				CLANG_WARN_INT_CONVERSION = YES;
				CLANG_WARN_NON_LITERAL_NULL_CONVERSION = YES;
				CLANG_WARN_OBJC_IMPLICIT_RETAIN_SELF = YES;
				CLANG_WARN_OBJC_LITERAL_CONVERSION = YES;
				CLANG_WARN_OBJC_ROOT_CLASS = YES_ERROR;
				CLANG_WARN_QUOTED_INCLUDE_IN_FRAMEWORK_HEADER = YES;
				CLANG_WARN_RANGE_LOOP_ANALYSIS = YES;
				CLANG_WARN_STRICT_PROTOTYPES = YES;
				CLANG_WARN_SUSPICIOUS_MOVE = YES;
				CLANG_WARN_UNGUARDED_AVAILABILITY = YES_AGGRESSIVE;
				CLANG_WARN_UNREACHABLE_CODE = YES;
				CLANG_WARN__DUPLICATE_METHOD_MATCH = YES;
				COPY_PHASE_STRIP = NO;
				DEBUG_INFORMATION_FORMAT = "dwarf-with-dsym";
				ENABLE_NS_ASSERTIONS = NO;
				ENABLE_STRICT_OBJC_MSGSEND = YES;
				ENABLE_USER_SCRIPT_SANDBOXING = YES;
				GCC_C_LANGUAGE_STANDARD = gnu17;
				GCC_NO_COMMON_BLOCKS = YES;
				GCC_WARN_64_TO_32_BIT_CONVERSION = YES;
				GCC_WARN_ABOUT_RETURN_TYPE = YES_ERROR;
				GCC_WARN_UNDECLARED_SELECTOR = YES;
				GCC_WARN_UNINITIALIZED_AUTOS = YES_AGGRESSIVE;
				GCC_WARN_UNUSED_FUNCTION = YES;
				GCC_WARN_UNUSED_VARIABLE = YES;
				IPHONEOS_DEPLOYMENT_TARGET = 17.2;
				LOCALIZATION_PREFERS_STRING_CATALOGS = YES;
				MTL_ENABLE_DEBUG_INFO = NO;
				MTL_FAST_MATH = YES;
				SDKROOT = iphoneos;
				SWIFT_COMPILATION_MODE = wholemodule;
				SWIFT_EMIT_LOC_STRINGS = YES;
				VALIDATE_PRODUCT = YES;
			};
			name = Release;
		};
		22405C462B72FC4F00EBAD6C /* Debug */ = {
			isa = XCBuildConfiguration;
			buildSettings = {
				ASSETCATALOG_COMPILER_APPICON_NAME = AppIcon;
				ASSETCATALOG_COMPILER_GLOBAL_ACCENT_COLOR_NAME = AccentColor;
				CODE_SIGN_STYLE = Automatic;
				CURRENT_PROJECT_VERSION = 1;
				DEVELOPMENT_ASSET_PATHS = "\"Quake/Preview Content\"";
				DEVELOPMENT_TEAM = K865WUAKFA;
				ENABLE_PREVIEWS = YES;
				GENERATE_INFOPLIST_FILE = YES;
				INFOPLIST_KEY_NSCameraUsageDescription = "We need to access your camera so that you can take a photo to attach to the application Feedback form and send it to us";
				INFOPLIST_KEY_NSPhotoLibraryUsageDescription = "We need to access your gallery so that you can choose a photo to attach to the application Feedback form and send it to us";
				INFOPLIST_KEY_UIApplicationSceneManifest_Generation = YES;
				INFOPLIST_KEY_UIApplicationSupportsIndirectInputEvents = YES;
				INFOPLIST_KEY_UILaunchScreen_Generation = YES;
				INFOPLIST_KEY_UISupportedInterfaceOrientations_iPad = "UIInterfaceOrientationPortrait UIInterfaceOrientationPortraitUpsideDown UIInterfaceOrientationLandscapeLeft UIInterfaceOrientationLandscapeRight";
				INFOPLIST_KEY_UISupportedInterfaceOrientations_iPhone = "UIInterfaceOrientationPortrait UIInterfaceOrientationLandscapeLeft UIInterfaceOrientationLandscapeRight";
				LD_RUNPATH_SEARCH_PATHS = (
					"$(inherited)",
					"@executable_path/Frameworks",
				);
				MARKETING_VERSION = 1.0;
				PRODUCT_BUNDLE_IDENTIFIER = com.luridevlabs.Quake;
				PRODUCT_NAME = "$(TARGET_NAME)";
				SWIFT_EMIT_LOC_STRINGS = YES;
				SWIFT_VERSION = 5.0;
				TARGETED_DEVICE_FAMILY = "1,2";
			};
			name = Debug;
		};
		22405C472B72FC4F00EBAD6C /* Release */ = {
			isa = XCBuildConfiguration;
			buildSettings = {
				ASSETCATALOG_COMPILER_APPICON_NAME = AppIcon;
				ASSETCATALOG_COMPILER_GLOBAL_ACCENT_COLOR_NAME = AccentColor;
				CODE_SIGN_STYLE = Automatic;
				CURRENT_PROJECT_VERSION = 1;
				DEVELOPMENT_ASSET_PATHS = "\"Quake/Preview Content\"";
				DEVELOPMENT_TEAM = K865WUAKFA;
				ENABLE_PREVIEWS = YES;
				GENERATE_INFOPLIST_FILE = YES;
				INFOPLIST_KEY_NSCameraUsageDescription = "We need to access your camera so that you can take a photo to attach to the application Feedback form and send it to us";
				INFOPLIST_KEY_NSPhotoLibraryUsageDescription = "We need to access your gallery so that you can choose a photo to attach to the application Feedback form and send it to us";
				INFOPLIST_KEY_UIApplicationSceneManifest_Generation = YES;
				INFOPLIST_KEY_UIApplicationSupportsIndirectInputEvents = YES;
				INFOPLIST_KEY_UILaunchScreen_Generation = YES;
				INFOPLIST_KEY_UISupportedInterfaceOrientations_iPad = "UIInterfaceOrientationPortrait UIInterfaceOrientationPortraitUpsideDown UIInterfaceOrientationLandscapeLeft UIInterfaceOrientationLandscapeRight";
				INFOPLIST_KEY_UISupportedInterfaceOrientations_iPhone = "UIInterfaceOrientationPortrait UIInterfaceOrientationLandscapeLeft UIInterfaceOrientationLandscapeRight";
				LD_RUNPATH_SEARCH_PATHS = (
					"$(inherited)",
					"@executable_path/Frameworks",
				);
				MARKETING_VERSION = 1.0;
				PRODUCT_BUNDLE_IDENTIFIER = com.luridevlabs.Quake;
				PRODUCT_NAME = "$(TARGET_NAME)";
				SWIFT_EMIT_LOC_STRINGS = YES;
				SWIFT_VERSION = 5.0;
				TARGETED_DEVICE_FAMILY = "1,2";
			};
			name = Release;
		};
/* End XCBuildConfiguration section */

/* Begin XCConfigurationList section */
		22405C322B72FC4E00EBAD6C /* Build configuration list for PBXProject "Quake" */ = {
			isa = XCConfigurationList;
			buildConfigurations = (
				22405C432B72FC4F00EBAD6C /* Debug */,
				22405C442B72FC4F00EBAD6C /* Release */,
			);
			defaultConfigurationIsVisible = 0;
			defaultConfigurationName = Release;
		};
		22405C452B72FC4F00EBAD6C /* Build configuration list for PBXNativeTarget "Quake" */ = {
			isa = XCConfigurationList;
			buildConfigurations = (
				22405C462B72FC4F00EBAD6C /* Debug */,
				22405C472B72FC4F00EBAD6C /* Release */,
			);
			defaultConfigurationIsVisible = 0;
			defaultConfigurationName = Release;
		};
/* End XCConfigurationList section */
	};
	rootObject = 22405C2F2B72FC4E00EBAD6C /* Project object */;
}
